
Microsoft Visual Studio Solution File, Format Version 12.00
Project("{FAE04EC0-301F-11D3-BF4B-00C04F79EFBC}") = "Tests", "Tests\Tests.csproj", "{9EEDD697-C363-4C90-9FAE-108824B232B2}"
EndProject
Project("{FAE04EC0-301F-11D3-BF4B-00C04F79EFBC}") = "ParseApplication", "ParseApplication\ParseApplication.csproj", "{A22E4E56-5A3F-4DC2-A2ED-E03223B00DBD}"
EndProject
Project("{FAE04EC0-301F-11D3-BF4B-00C04F79EFBC}") = "Utility", "Utility\Utility.csproj", "{D807A5BA-F80D-4631-84D1-3CB80EF28C51}"
EndProject
Global
	GlobalSection(SolutionConfigurationPlatforms) = preSolution
		Debug|Any CPU = Debug|Any CPU
		Release|Any CPU = Release|Any CPU
	EndGlobalSection
	GlobalSection(ProjectConfigurationPlatforms) = postSolution
		{9EEDD697-C363-4C90-9FAE-108824B232B2}.Debug|Any CPU.ActiveCfg = Debug|Any CPU
		{9EEDD697-C363-4C90-9FAE-108824B232B2}.Debug|Any CPU.Build.0 = Debug|Any CPU
		{9EEDD697-C363-4C90-9FAE-108824B232B2}.Release|Any CPU.ActiveCfg = Release|Any CPU
		{9EEDD697-C363-4C90-9FAE-108824B232B2}.Release|Any CPU.Build.0 = Release|Any CPU
		{A22E4E56-5A3F-4DC2-A2ED-E03223B00DBD}.Debug|Any CPU.ActiveCfg = Debug|Any CPU
		{A22E4E56-5A3F-4DC2-A2ED-E03223B00DBD}.Debug|Any CPU.Build.0 = Debug|Any CPU
		{A22E4E56-5A3F-4DC2-A2ED-E03223B00DBD}.Release|Any CPU.ActiveCfg = Release|Any CPU
		{A22E4E56-5A3F-4DC2-A2ED-E03223B00DBD}.Release|Any CPU.Build.0 = Release|Any CPU
		{D807A5BA-F80D-4631-84D1-3CB80EF28C51}.Debug|Any CPU.ActiveCfg = Debug|Any CPU
		{D807A5BA-F80D-4631-84D1-3CB80EF28C51}.Debug|Any CPU.Build.0 = Debug|Any CPU
		{D807A5BA-F80D-4631-84D1-3CB80EF28C51}.Release|Any CPU.ActiveCfg = Release|Any CPU
		{D807A5BA-F80D-4631-84D1-3CB80EF28C51}.Release|Any CPU.Build.0 = Release|Any CPU
	EndGlobalSection
EndGlobal
